// !$*UTF8*$!
{
	archiveVersion = 1;
	classes = {
	};
	objectVersion = 46;
	objects = {

/* Begin PBXBuildFile section */
		9E03D97D1D64B9980078470F /* main.m in Sources */ = {isa = PBXBuildFile; fileRef = 9E03D97C1D64B9980078470F /* main.m */; };
		9E03D9851D64BBFB0078470F /* SetEquations.m in Sources */ = {isa = PBXBuildFile; fileRef = 9E03D9841D64BBFB0078470F /* SetEquations.m */; };
/* End PBXBuildFile section */

/* Begin PBXCopyFilesBuildPhase section */
		9E03D9771D64B9980078470F /* CopyFiles */ = {
			isa = PBXCopyFilesBuildPhase;
			buildActionMask = 2147483647;
			dstPath = /usr/share/man/man1/;
			dstSubfolderSpec = 0;
			files = (
			);
			runOnlyForDeploymentPostprocessing = 1;
		};
/* End PBXCopyFilesBuildPhase section */

/* Begin PBXFileReference section */
		9E03D9791D64B9980078470F /* CSpractice_Sets */ = {isa = PBXFileReference; explicitFileType = "compiled.mach-o.executable"; includeInIndex = 0; path = CSpractice_Sets; sourceTree = BUILT_PRODUCTS_DIR; };
		9E03D97C1D64B9980078470F /* main.m */ = {isa = PBXFileReference; lastKnownFileType = sourcecode.c.objc; path = main.m; sourceTree = "<group>"; };
		9E03D9831D64BBFB0078470F /* SetEquations.h */ = {isa = PBXFileReference; fileEncoding = 4; lastKnownFileType = sourcecode.c.h; path = SetEquations.h; sourceTree = "<group>"; };
		9E03D9841D64BBFB0078470F /* SetEquations.m */ = {isa = PBXFileReference; fileEncoding = 4; lastKnownFileType = sourcecode.c.objc; path = SetEquations.m; sourceTree = "<group>"; };
/* End PBXFileReference section */

/* Begin PBXFrameworksBuildPhase section */
		9E03D9761D64B9980078470F /* Frameworks */ = {
			isa = PBXFrameworksBuildPhase;
			buildActionMask = 2147483647;
			files = (
			);
			runOnlyForDeploymentPostprocessing = 0;
		};
/* End PBXFrameworksBuildPhase section */

/* Begin PBXGroup section */
		9E03D9701D64B9980078470F = {
			isa = PBXGroup;
			children = (
				9E03D97B1D64B9980078470F /* CSpractice_Sets */,
				9E03D97A1D64B9980078470F /* Products */,
			);
			sourceTree = "<group>";
		};
		9E03D97A1D64B9980078470F /* Products */ = {
			isa = PBXGroup;
			children = (
				9E03D9791D64B9980078470F /* CSpractice_Sets */,
			);
			name = Products;
			sourceTree = "<group>";
		};
		9E03D97B1D64B9980078470F /* CSpractice_Sets */ = {
			isa = PBXGroup;
			children = (
				9E03D97C1D64B9980078470F /* main.m */,
				9E03D9831D64BBFB0078470F /* SetEquations.h */,
				9E03D9841D64BBFB0078470F /* SetEquations.m */,
			);
			path = CSpractice_Sets;
			sourceTree = "<group>";
		};
/* End PBXGroup section */

/* Begin PBXNativeTarget section */
		9E03D9781D64B9980078470F /* CSpractice_Sets */ = {
			isa = PBXNativeTarget;
			buildConfigurationList = 9E03D9801D64B9980078470F /* Build configuration list for PBXNativeTarget "CSpractice_Sets" */;
			buildPhases = (
				9E03D9751D64B9980078470F /* Sources */,
				9E03D9761D64B9980078470F /* Frameworks */,
				9E03D9771D64B9980078470F /* CopyFiles */,
			);
			buildRules = (
			);
			dependencies = (
			);
			name = CSpractice_Sets;
			productName = CSpractice_Sets;
			productReference = 9E03D9791D64B9980078470F /* CSpractice_Sets */;
			productType = "com.apple.product-type.tool";
		};
/* End PBXNativeTarget section */

/* Begin PBXProject section */
		9E03D9711D64B9980078470F /* Project object */ = {
			isa = PBXProject;
			attributes = {
				LastUpgradeCheck = 0730;
				ORGANIZATIONNAME = sahlitude;
				TargetAttributes = {
					9E03D9781D64B9980078470F = {
						CreatedOnToolsVersion = 7.3.1;
					};
				};
			};
			buildConfigurationList = 9E03D9741D64B9980078470F /* Build configuration list for PBXProject "CSpractice_Sets" */;
			compatibilityVersion = "Xcode 3.2";
			developmentRegion = English;
			hasScannedForEncodings = 0;
			knownRegions = (
				en,
			);
			mainGroup = 9E03D9701D64B9980078470F;
			productRefGroup = 9E03D97A1D64B9980078470F /* Products */;
			projectDirPath = "";
			projectRoot = "";
			targets = (
				9E03D9781D64B9980078470F /* CSpractice_Sets */,
			);
		};
/* End PBXProject section */

/* Begin PBXSourcesBuildPhase section */
		9E03D9751D64B9980078470F /* Sources */ = {
			isa = PBXSourcesBuildPhase;
			buildActionMask = 2147483647;
			files = (
				9E03D9851D64BBFB0078470F /* SetEquations.m in Sources */,
				9E03D97D1D64B9980078470F /* main.m in Sources */,
			);
			runOnlyForDeploymentPostprocessing = 0;
		};
/* End PBXSourcesBuildPhase section */

/* Begin XCBuildConfiguration section */
		9E03D97E1D64B9980078470F /* Debug */ = {
			isa = XCBuildConfiguration;
			buildSettings = {
				ALWAYS_SEARCH_USER_PATHS = NO;
				CLANG_ANALYZER_NONNULL = YES;
				CLANG_CXX_LANGUAGE_STANDARD = "gnu++0x";
				CLANG_CXX_LIBRARY = "libc++";
				CLANG_ENABLE_MODULES = YES;
				CLANG_ENABLE_OBJC_ARC = YES;
				CLANG_WARN_BOOL_CONVERSION = YES;
				CLANG_WARN_CONSTANT_CONVERSION = YES;
				CLANG_WARN_DIRECT_OBJC_ISA_USAGE = YES_ERROR;
				CLANG_WARN_EMPTY_BODY = YES;
				CLANG_WARN_ENUM_CONVERSION = YES;
				CLANG_WARN_INT_CONVERSION = YES;
				CLANG_WARN_OBJC_ROOT_CLASS = YES_ERROR;
				CLANG_WARN_UNREACHABLE_CODE = YES;
				CLANG_WARN__DUPLICATE_METHOD_MATCH = YES;
				CODE_SIGN_IDENTITY = "-";
				COPY_PHASE_STRIP = NO;
				DEBUG_INFORMATION_FORMAT = dwarf;
				ENABLE_STRICT_OBJC_MSGSEND = YES;
				ENABLE_TESTABILITY = YES;
				GCC_C_LANGUAGE_STANDARD = gnu99;
				GCC_DYNAMIC_NO_PIC = NO;
				GCC_NO_COMMON_BLOCKS = YES;
				GCC_OPTIMIZATION_LEVEL = 0;
				GCC_PREPROCESSOR_DEFINITIONS = (
					"DEBUG=1",
					"$(inherited)",
				);
				GCC_WARN_64_TO_32_BIT_CONVERSION = YES;
				GCC_WARN_ABOUT_RETURN_TYPE = YES_ERROR;
				GCC_WARN_UNDECLARED_SELECTOR = YES;
				GCC_WARN_UNINITIALIZED_AUTOS = YES_AGGRESSIVE;
				GCC_WARN_UNUSED_FUNCTION = YES;
				GCC_WARN_UNUSED_VARIABLE = YES;
				MACOSX_DEPLOYMENT_TARGET = 10.11;
				MTL_ENABLE_DEBUG_INFO = YES;
				ONLY_ACTIVE_ARCH = YES;
				SDKROOT = macosx;
			};
			name = Debug;
		};
		9E03D97F1D64B9980078470F /* Release */ = {
			isa = XCBuildConfiguration;
			buildSettings = {
				ALWAYS_SEARCH_USER_PATHS = NO;
				CLANG_ANALYZER_NONNULL = YES;
				CLANG_CXX_LANGUAGE_STANDARD = "gnu++0x";
				CLANG_CXX_LIBRARY = "libc++";
				CLANG_ENABLE_MODULES = YES;
				CLANG_ENABLE_OBJC_ARC = YES;
				CLANG_WARN_BOOL_CONVERSION = YES;
				CLANG_WARN_CONSTANT_CONVERSION = YES;
				CLANG_WARN_DIRECT_OBJC_ISA_USAGE = YES_ERROR;
				CLANG_WARN_EMPTY_BODY = YES;
				CLANG_WARN_ENUM_CONVERSION = YES;
				CLANG_WARN_INT_CONVERSION = YES;
				CLANG_WARN_OBJC_ROOT_CLASS = YES_ERROR;
				CLANG_WARN_UNREACHABLE_CODE = YES;
				CLANG_WARN__DUPLICATE_METHOD_MATCH = YES;
				CODE_SIGN_IDENTITY = "-";
				COPY_PHASE_STRIP = NO;
				DEBUG_INFORMATION_FORMAT = "dwarf-with-dsym";
				ENABLE_NS_ASSERTIONS = NO;
				ENABLE_STRICT_OBJC_MSGSEND = YES;
				GCC_C_LANGUAGE_STANDARD = gnu99;
				GCC_NO_COMMON_BLOCKS = YES;
				GCC_WARN_64_TO_32_BIT_CONVERSION = YES;
				GCC_WARN_ABOUT_RETURN_TYPE = YES_ERROR;
				GCC_WARN_UNDECLARED_SELECTOR = YES;
				GCC_WARN_UNINITIALIZED_AUTOS = YES_AGGRESSIVE;
				GCC_WARN_UNUSED_FUNCTION = YES;
				GCC_WARN_UNUSED_VARIABLE = YES;
				MACOSX_DEPLOYMENT_TARGET = 10.11;
				MTL_ENABLE_DEBUG_INFO = NO;
				SDKROOT = macosx;
			};
			name = Release;
		};
		9E03D9811D64B9980078470F /* Debug */ = {
			isa = XCBuildConfiguration;
			buildSettings = {
				PRODUCT_NAME = "$(TARGET_NAME)";
			};
			name = Debug;
		};
		9E03D9821D64B9980078470F /* Release */ = {
			isa = XCBuildConfiguration;
			buildSettings = {
				PRODUCT_NAME = "$(TARGET_NAME)";
			};
			name = Release;
		};
/* End XCBuildConfiguration section */

/* Begin XCConfigurationList section */
		9E03D9741D64B9980078470F /* Build configuration list for PBXProject "CSpractice_Sets" */ = {
			isa = XCConfigurationList;
			buildConfigurations = (
				9E03D97E1D64B9980078470F /* Debug */,
				9E03D97F1D64B9980078470F /* Release */,
			);
			defaultConfigurationIsVisible = 0;
			defaultConfigurationName = Release;
		};
		9E03D9801D64B9980078470F /* Build configuration list for PBXNativeTarget "CSpractice_Sets" */ = {
			isa = XCConfigurationList;
			buildConfigurations = (
				9E03D9811D64B9980078470F /* Debug */,
				9E03D9821D64B9980078470F /* Release */,
			);
			defaultConfigurationIsVisible = 0;
		};
/* End XCConfigurationList section */
	};
	rootObject = 9E03D9711D64B9980078470F /* Project object */;
}
